{
  "version": 4,
  "terraform_version": "0.12.29",
  "serial": 25,
  "lineage": "0c4a18ba-6d0d-1da6-1d04-8c0ffe199091",
  "outputs": {},
  "resources": [
    {
      "mode": "managed",
      "type": "aws_flow_log",
      "name": "example",
      "provider": "provider.aws",
      "instances": [
        {
          "schema_version": 0,
          "attributes": {
            "arn": "arn:aws:ec2:us-east-1:263555032651:vpc-flow-log/fl-0e6e49b3bdc26dce3",
            "eni_id": null,
            "iam_role_arn": "",
            "id": "fl-0e6e49b3bdc26dce3",
            "log_destination": "arn:aws:s3:::engdevopsb03testbucket",
            "log_destination_type": "s3",
            "log_format": "${version} ${account-id} ${interface-id} ${srcaddr} ${dstaddr} ${srcport} ${dstport} ${protocol} ${packets} ${bytes} ${start} ${end} ${action} ${log-status}",
            "log_group_name": "",
            "max_aggregation_interval": 600,
            "subnet_id": null,
            "tags": {},
            "traffic_type": "ALL",
            "vpc_id": "vpc-0f0ca721ebb59a064"
          },
          "private": "bnVsbA==",
          "dependencies": [
            "aws_s3_bucket.bucket1",
            "aws_vpc.vpc1"
          ]
        }
      ]
    },
    {
      "mode": "managed",
      "type": "aws_internet_gateway",
      "name": "igw",
      "provider": "provider.aws",
      "instances": [
        {
          "schema_version": 0,
          "attributes": {
            "arn": "arn:aws:ec2:us-east-1:263555032651:internet-gateway/igw-0aa145608806d3976",
            "id": "igw-0aa145608806d3976",
            "owner_id": "263555032651",
            "tags": {
              "Name": "VPC-TEST-1-igw",
              "costcenter": "8080",
              "environment": "production",
              "owner": "bcl"
            },
            "vpc_id": "vpc-0f0ca721ebb59a064"
          },
          "private": "bnVsbA==",
          "dependencies": [
            "aws_s3_bucket.bucket1",
            "aws_vpc.vpc1"
          ]
        }
      ]
    },
    {
      "mode": "managed",
      "type": "aws_s3_bucket",
      "name": "bucket1",
      "provider": "provider.aws",
      "instances": [
        {
          "schema_version": 0,
          "attributes": {
            "acceleration_status": "",
            "acl": "private",
            "arn": "arn:aws:s3:::engdevopsb03testbucket",
            "bucket": "engdevopsb03testbucket",
            "bucket_domain_name": "engdevopsb03testbucket.s3.amazonaws.com",
            "bucket_prefix": null,
            "bucket_regional_domain_name": "engdevopsb03testbucket.s3.amazonaws.com",
            "cors_rule": [],
            "force_destroy": false,
            "grant": [],
            "hosted_zone_id": "Z3AQBSTGFYJSTF",
            "id": "engdevopsb03testbucket",
            "lifecycle_rule": [],
            "logging": [],
            "object_lock_configuration": [],
            "policy": null,
            "region": "us-east-1",
            "replication_configuration": [],
            "request_payer": "BucketOwner",
            "server_side_encryption_configuration": [],
            "tags": {
              "Name": "engdevopsb03testbucket",
              "costcenter": "8080",
              "environment": "production",
              "owner": "bcl"
            },
            "versioning": [
              {
                "enabled": false,
                "mfa_delete": false
              }
            ],
            "website": [],
            "website_domain": null,
            "website_endpoint": null
          },
          "private": "bnVsbA=="
        }
      ]
    },
    {
      "mode": "managed",
      "type": "aws_subnet",
      "name": "subnet1-public",
      "provider": "provider.aws",
      "instances": [
        {
          "schema_version": 1,
          "attributes": {
            "arn": "arn:aws:ec2:us-east-1:263555032651:subnet/subnet-04b5f1436dc750793",
            "assign_ipv6_address_on_creation": false,
            "availability_zone": "us-east-1a",
            "availability_zone_id": "use1-az1",
            "cidr_block": "172.16.1.0/24",
            "id": "subnet-04b5f1436dc750793",
            "ipv6_cidr_block": "",
            "ipv6_cidr_block_association_id": "",
            "map_public_ip_on_launch": false,
            "outpost_arn": "",
            "owner_id": "263555032651",
            "tags": {
              "Name": "Subnet-1",
              "costcenter": "8080",
              "environment": "production",
              "owner": "bcl"
            },
            "timeouts": null,
            "vpc_id": "vpc-0f0ca721ebb59a064"
          },
          "private": "eyJlMmJmYjczMC1lY2FhLTExZTYtOGY4OC0zNDM2M2JjN2M0YzAiOnsiY3JlYXRlIjo2MDAwMDAwMDAwMDAsImRlbGV0ZSI6MTIwMDAwMDAwMDAwMH0sInNjaGVtYV92ZXJzaW9uIjoiMSJ9",
          "dependencies": [
            "aws_s3_bucket.bucket1",
            "aws_vpc.vpc1"
          ]
        }
      ]
    },
    {
      "mode": "managed",
      "type": "aws_subnet",
      "name": "subnet2-public",
      "provider": "provider.aws",
      "instances": [
        {
          "schema_version": 1,
          "attributes": {
            "arn": "arn:aws:ec2:us-east-1:263555032651:subnet/subnet-09c4f21441dd9ec32",
            "assign_ipv6_address_on_creation": false,
            "availability_zone": "us-east-1a",
            "availability_zone_id": "use1-az1",
            "cidr_block": "172.16.2.0/24",
            "id": "subnet-09c4f21441dd9ec32",
            "ipv6_cidr_block": "",
            "ipv6_cidr_block_association_id": "",
            "map_public_ip_on_launch": false,
            "outpost_arn": "",
            "owner_id": "263555032651",
            "tags": {
              "Name": "Subnet-002",
              "costcenter": "8080",
              "environment": "production",
              "owner": "bcl"
            },
            "timeouts": null,
            "vpc_id": "vpc-0f0ca721ebb59a064"
          },
          "private": "eyJlMmJmYjczMC1lY2FhLTExZTYtOGY4OC0zNDM2M2JjN2M0YzAiOnsiY3JlYXRlIjo2MDAwMDAwMDAwMDAsImRlbGV0ZSI6MTIwMDAwMDAwMDAwMH0sInNjaGVtYV92ZXJzaW9uIjoiMSJ9",
          "dependencies": [
            "aws_vpc.vpc1"
          ]
        }
      ]
    },
    {
      "mode": "managed",
      "type": "aws_vpc",
      "name": "vpc1",
      "provider": "provider.aws",
      "instances": [
        {
          "schema_version": 1,
          "attributes": {
            "arn": "arn:aws:ec2:us-east-1:263555032651:vpc/vpc-0f0ca721ebb59a064",
            "assign_generated_ipv6_cidr_block": false,
            "cidr_block": "172.16.0.0/16",
            "default_network_acl_id": "acl-01efa4b7b4644c30b",
            "default_route_table_id": "rtb-0d6de9dcc4d649112",
            "default_security_group_id": "sg-06e55434f492d6d17",
            "dhcp_options_id": "dopt-5569dd2f",
            "enable_classiclink": false,
            "enable_classiclink_dns_support": false,
            "enable_dns_hostnames": true,
            "enable_dns_support": true,
            "id": "vpc-0f0ca721ebb59a064",
            "instance_tenancy": "default",
            "ipv6_association_id": "",
            "ipv6_cidr_block": "",
            "main_route_table_id": "rtb-0d6de9dcc4d649112",
            "owner_id": "263555032651",
            "tags": {
              "Name": "VPC-TEST-1",
              "costcenter": "8080",
              "environment": "production",
              "owner": "bcl"
            }
          },
          "private": "eyJzY2hlbWFfdmVyc2lvbiI6IjEifQ==",
          "dependencies": [
            "aws_s3_bucket.bucket1"
          ]
        }
      ]
    }
  ]
}
